version = 1
requires-python = ">=3.13"

[[package]]
name = "asana"
version = "5.0.10"
source = { registry = "https://pypi.org/simple" }
dependencies = [
    { name = "certifi" },
    { name = "python-dateutil" },
    { name = "six" },
    { name = "urllib3" },
]
sdist = { url = "https://files.pythonhosted.org/packages/8d/4e/22d9b746571afc677280f922fa86ae003fe481ad67a6c762e02f407a27f4/asana-5.0.10.tar.gz", hash = "sha256:4655d43fe78d3fee6701443cb1a2b92560b64e626e893b553f5366c68fb127c9", size = 112941 }
wheels = [
    { url = "https://files.pythonhosted.org/packages/ba/00/570d25140d9bc5315ccb4b20cdf5931d567da44d7902bfd241cd0b2fe447/asana-5.0.10-py3-none-any.whl", hash = "sha256:a21618ffdba0b13cac9f92c93aa17553283c6442375f1038a115545747a3ca93", size = 185508 },
]

[[package]]
name = "asana-script"
version = "0.1.0"
source = { virtual = "." }
dependencies = [
    { name = "asana" },
    { name = "colored" },
    { name = "keyring" },
    { name = "python-dotenv" },
]

[package.metadata]
requires-dist = [
    { name = "asana", specifier = ">=5.0.10" },
    { name = "colored", specifier = ">=2.2.4" },
    { name = "keyring", specifier = ">=25.5.0" },
    { name = "python-dotenv", specifier = ">=1.0.1" },
]

[[package]]
name = "certifi"
version = "2024.8.30"
source = { registry = "https://pypi.org/simple" }
sdist = { url = "https://files.pythonhosted.org/packages/b0/ee/9b19140fe824b367c04c5e1b369942dd754c4c5462d5674002f75c4dedc1/certifi-2024.8.30.tar.gz", hash = "sha256:bec941d2aa8195e248a60b31ff9f0558284cf01a52591ceda73ea9afffd69fd9", size = 168507 }
wheels = [
    { url = "https://files.pythonhosted.org/packages/12/90/3c9ff0512038035f59d279fddeb79f5f1eccd8859f06d6163c58798b9487/certifi-2024.8.30-py3-none-any.whl", hash = "sha256:922820b53db7a7257ffbda3f597266d435245903d80737e34f8a45ff3e3230d8", size = 167321 },
]

[[package]]
name = "cffi"
version = "1.17.1"
source = { registry = "https://pypi.org/simple" }
dependencies = [
    { name = "pycparser" },
]
sdist = { url = "https://files.pythonhosted.org/packages/fc/97/c783634659c2920c3fc70419e3af40972dbaf758daa229a7d6ea6135c90d/cffi-1.17.1.tar.gz", hash = "sha256:1c39c6016c32bc48dd54561950ebd6836e1670f2ae46128f67cf49e789c52824", size = 516621 }
wheels = [
    { url = "https://files.pythonhosted.org/packages/0e/2d/eab2e858a91fdff70533cab61dcff4a1f55ec60425832ddfdc9cd36bc8af/cffi-1.17.1-cp313-cp313-manylinux_2_12_i686.manylinux2010_i686.manylinux_2_17_i686.manylinux2014_i686.whl", hash = "sha256:d01b12eeeb4427d3110de311e1774046ad344f5b1a7403101878976ecd7a10f3", size = 454792 },
    { url = "https://files.pythonhosted.org/packages/75/b2/fbaec7c4455c604e29388d55599b99ebcc250a60050610fadde58932b7ee/cffi-1.17.1-cp313-cp313-manylinux_2_17_aarch64.manylinux2014_aarch64.whl", hash = "sha256:706510fe141c86a69c8ddc029c7910003a17353970cff3b904ff0686a5927683", size = 478893 },
    { url = "https://files.pythonhosted.org/packages/4f/b7/6e4a2162178bf1935c336d4da8a9352cccab4d3a5d7914065490f08c0690/cffi-1.17.1-cp313-cp313-manylinux_2_17_ppc64le.manylinux2014_ppc64le.whl", hash = "sha256:de55b766c7aa2e2a3092c51e0483d700341182f08e67c63630d5b6f200bb28e5", size = 485810 },
    { url = "https://files.pythonhosted.org/packages/c7/8a/1d0e4a9c26e54746dc08c2c6c037889124d4f59dffd853a659fa545f1b40/cffi-1.17.1-cp313-cp313-manylinux_2_17_s390x.manylinux2014_s390x.whl", hash = "sha256:c59d6e989d07460165cc5ad3c61f9fd8f1b4796eacbd81cee78957842b834af4", size = 471200 },
    { url = "https://files.pythonhosted.org/packages/26/9f/1aab65a6c0db35f43c4d1b4f580e8df53914310afc10ae0397d29d697af4/cffi-1.17.1-cp313-cp313-manylinux_2_17_x86_64.manylinux2014_x86_64.whl", hash = "sha256:dd398dbc6773384a17fe0d3e7eeb8d1a21c2200473ee6806bb5e6a8e62bb73dd", size = 479447 },
    { url = "https://files.pythonhosted.org/packages/5f/e4/fb8b3dd8dc0e98edf1135ff067ae070bb32ef9d509d6cb0f538cd6f7483f/cffi-1.17.1-cp313-cp313-musllinux_1_1_aarch64.whl", hash = "sha256:3edc8d958eb099c634dace3c7e16560ae474aa3803a5df240542b305d14e14ed", size = 484358 },
    { url = "https://files.pythonhosted.org/packages/f1/47/d7145bf2dc04684935d57d67dff9d6d795b2ba2796806bb109864be3a151/cffi-1.17.1-cp313-cp313-musllinux_1_1_x86_64.whl", hash = "sha256:72e72408cad3d5419375fc87d289076ee319835bdfa2caad331e377589aebba9", size = 488469 },
]

[[package]]
name = "colored"
version = "2.2.4"
source = { registry = "https://pypi.org/simple" }
sdist = { url = "https://files.pythonhosted.org/packages/2f/98/4d4546307039955eec131cf9538732fb7a28d2db2090cd1d4e4a135829e1/colored-2.2.4.tar.gz", hash = "sha256:595e1dd7f3b472ea5f12af21d2fec8a2ea2cf8f9d93e67180197330b26df9b61", size = 13202 }
wheels = [
    { url = "https://files.pythonhosted.org/packages/75/d1/548f697f88872321525e294f8863efbdd1c313964b7f94e49ab0dc4f2895/colored-2.2.4-py3-none-any.whl", hash = "sha256:a7069673bd90a35f46cb748d012c17284a0668d2f1c06bc7a51822a2d5ad2112", size = 16109 },
]

[[package]]
name = "cryptography"
version = "43.0.3"
source = { registry = "https://pypi.org/simple" }
dependencies = [
    { name = "cffi", marker = "platform_python_implementation != 'PyPy'" },
]
sdist = { url = "https://files.pythonhosted.org/packages/0d/05/07b55d1fa21ac18c3a8c79f764e2514e6f6a9698f1be44994f5adf0d29db/cryptography-43.0.3.tar.gz", hash = "sha256:315b9001266a492a6ff443b61238f956b214dbec9910a081ba5b6646a055a805", size = 686989 }
wheels = [
    { url = "https://files.pythonhosted.org/packages/a3/01/4896f3d1b392025d4fcbecf40fdea92d3df8662123f6835d0af828d148fd/cryptography-43.0.3-cp37-abi3-manylinux_2_17_aarch64.manylinux2014_aarch64.whl", hash = "sha256:63efa177ff54aec6e1c0aefaa1a241232dcd37413835a9b674b6e3f0ae2bfd3e", size = 3760905 },
    { url = "https://files.pythonhosted.org/packages/0a/be/f9a1f673f0ed4b7f6c643164e513dbad28dd4f2dcdf5715004f172ef24b6/cryptography-43.0.3-cp37-abi3-manylinux_2_17_x86_64.manylinux2014_x86_64.whl", hash = "sha256:7e1ce50266f4f70bf41a2c6dc4358afadae90e2a1e5342d3c08883df1675374f", size = 3977271 },
    { url = "https://files.pythonhosted.org/packages/4e/49/80c3a7b5514d1b416d7350830e8c422a4d667b6d9b16a9392ebfd4a5388a/cryptography-43.0.3-cp37-abi3-manylinux_2_28_aarch64.whl", hash = "sha256:443c4a81bb10daed9a8f334365fe52542771f25aedaf889fd323a853ce7377d6", size = 3746606 },
    { url = "https://files.pythonhosted.org/packages/0e/16/a28ddf78ac6e7e3f25ebcef69ab15c2c6be5ff9743dd0709a69a4f968472/cryptography-43.0.3-cp37-abi3-manylinux_2_28_x86_64.whl", hash = "sha256:74f57f24754fe349223792466a709f8e0c093205ff0dca557af51072ff47ab18", size = 3986484 },
    { url = "https://files.pythonhosted.org/packages/01/f5/69ae8da70c19864a32b0315049866c4d411cce423ec169993d0434218762/cryptography-43.0.3-cp37-abi3-musllinux_1_2_aarch64.whl", hash = "sha256:9762ea51a8fc2a88b70cf2995e5675b38d93bf36bd67d91721c309df184f49bd", size = 3852131 },
    { url = "https://files.pythonhosted.org/packages/fd/db/e74911d95c040f9afd3612b1f732e52b3e517cb80de8bf183be0b7d413c6/cryptography-43.0.3-cp37-abi3-musllinux_1_2_x86_64.whl", hash = "sha256:81ef806b1fef6b06dcebad789f988d3b37ccaee225695cf3e07648eee0fc6b73", size = 4075647 },
    { url = "https://files.pythonhosted.org/packages/2f/78/55356eb9075d0be6e81b59f45c7b48df87f76a20e73893872170471f3ee8/cryptography-43.0.3-cp39-abi3-manylinux_2_17_aarch64.manylinux2014_aarch64.whl", hash = "sha256:846da004a5804145a5f441b8530b4bf35afbf7da70f82409f151695b127213d5", size = 3762968 },
    { url = "https://files.pythonhosted.org/packages/2a/2c/488776a3dc843f95f86d2f957ca0fc3407d0242b50bede7fad1e339be03f/cryptography-43.0.3-cp39-abi3-manylinux_2_17_x86_64.manylinux2014_x86_64.whl", hash = "sha256:0f996e7268af62598f2fc1204afa98a3b5712313a55c4c9d434aef49cadc91d4", size = 3977754 },
    { url = "https://files.pythonhosted.org/packages/7c/04/2345ca92f7a22f601a9c62961741ef7dd0127c39f7310dffa0041c80f16f/cryptography-43.0.3-cp39-abi3-manylinux_2_28_aarch64.whl", hash = "sha256:f7b178f11ed3664fd0e995a47ed2b5ff0a12d893e41dd0494f406d1cf555cab7", size = 3749458 },
    { url = "https://files.pythonhosted.org/packages/ac/25/e715fa0bc24ac2114ed69da33adf451a38abb6f3f24ec207908112e9ba53/cryptography-43.0.3-cp39-abi3-manylinux_2_28_x86_64.whl", hash = "sha256:c2e6fc39c4ab499049df3bdf567f768a723a5e8464816e8f009f121a5a9f4405", size = 3988220 },
    { url = "https://files.pythonhosted.org/packages/21/ce/b9c9ff56c7164d8e2edfb6c9305045fbc0df4508ccfdb13ee66eb8c95b0e/cryptography-43.0.3-cp39-abi3-musllinux_1_2_aarch64.whl", hash = "sha256:e1be4655c7ef6e1bbe6b5d0403526601323420bcf414598955968c9ef3eb7d16", size = 3853898 },
    { url = "https://files.pythonhosted.org/packages/2a/33/b3682992ab2e9476b9c81fff22f02c8b0a1e6e1d49ee1750a67d85fd7ed2/cryptography-43.0.3-cp39-abi3-musllinux_1_2_x86_64.whl", hash = "sha256:df6b6c6d742395dd77a23ea3728ab62f98379eff8fb61be2744d4679ab678f73", size = 4076592 },
]

[[package]]
name = "jaraco-classes"
version = "3.4.0"
source = { registry = "https://pypi.org/simple" }
dependencies = [
    { name = "more-itertools" },
]
sdist = { url = "https://files.pythonhosted.org/packages/06/c0/ed4a27bc5571b99e3cff68f8a9fa5b56ff7df1c2251cc715a652ddd26402/jaraco.classes-3.4.0.tar.gz", hash = "sha256:47a024b51d0239c0dd8c8540c6c7f484be3b8fcf0b2d85c13825780d3b3f3acd", size = 11780 }
wheels = [
    { url = "https://files.pythonhosted.org/packages/7f/66/b15ce62552d84bbfcec9a4873ab79d993a1dd4edb922cbfccae192bd5b5f/jaraco.classes-3.4.0-py3-none-any.whl", hash = "sha256:f662826b6bed8cace05e7ff873ce0f9283b5c924470fe664fff1c2f00f581790", size = 6777 },
]

[[package]]
name = "jaraco-context"
version = "6.0.1"
source = { registry = "https://pypi.org/simple" }
sdist = { url = "https://files.pythonhosted.org/packages/df/ad/f3777b81bf0b6e7bc7514a1656d3e637b2e8e15fab2ce3235730b3e7a4e6/jaraco_context-6.0.1.tar.gz", hash = "sha256:9bae4ea555cf0b14938dc0aee7c9f32ed303aa20a3b73e7dc80111628792d1b3", size = 13912 }
wheels = [
    { url = "https://files.pythonhosted.org/packages/ff/db/0c52c4cf5e4bd9f5d7135ec7669a3a767af21b3a308e1ed3674881e52b62/jaraco.context-6.0.1-py3-none-any.whl", hash = "sha256:f797fc481b490edb305122c9181830a3a5b76d84ef6d1aef2fb9b47ab956f9e4", size = 6825 },
]

[[package]]
name = "jaraco-functools"
version = "4.1.0"
source = { registry = "https://pypi.org/simple" }
dependencies = [
    { name = "more-itertools" },
]
sdist = { url = "https://files.pythonhosted.org/packages/ab/23/9894b3df5d0a6eb44611c36aec777823fc2e07740dabbd0b810e19594013/jaraco_functools-4.1.0.tar.gz", hash = "sha256:70f7e0e2ae076498e212562325e805204fc092d7b4c17e0e86c959e249701a9d", size = 19159 }
wheels = [
    { url = "https://files.pythonhosted.org/packages/9f/4f/24b319316142c44283d7540e76c7b5a6dbd5db623abd86bb7b3491c21018/jaraco.functools-4.1.0-py3-none-any.whl", hash = "sha256:ad159f13428bc4acbf5541ad6dec511f91573b90fba04df61dafa2a1231cf649", size = 10187 },
]

[[package]]
name = "jeepney"
version = "0.8.0"
source = { registry = "https://pypi.org/simple" }
sdist = { url = "https://files.pythonhosted.org/packages/d6/f4/154cf374c2daf2020e05c3c6a03c91348d59b23c5366e968feb198306fdf/jeepney-0.8.0.tar.gz", hash = "sha256:5efe48d255973902f6badc3ce55e2aa6c5c3b3bc642059ef3a91247bcfcc5806", size = 106005 }
wheels = [
    { url = "https://files.pythonhosted.org/packages/ae/72/2a1e2290f1ab1e06f71f3d0f1646c9e4634e70e1d37491535e19266e8dc9/jeepney-0.8.0-py3-none-any.whl", hash = "sha256:c0a454ad016ca575060802ee4d590dd912e35c122fa04e70306de3d076cce755", size = 48435 },
]

[[package]]
name = "keyring"
version = "25.5.0"
source = { registry = "https://pypi.org/simple" }
dependencies = [
    { name = "jaraco-classes" },
    { name = "jaraco-context" },
    { name = "jaraco-functools" },
    { name = "jeepney", marker = "sys_platform == 'linux'" },
    { name = "pywin32-ctypes", marker = "sys_platform == 'win32'" },
    { name = "secretstorage", marker = "sys_platform == 'linux'" },
]
sdist = { url = "https://files.pythonhosted.org/packages/f6/24/64447b13df6a0e2797b586dad715766d756c932ce8ace7f67bd384d76ae0/keyring-25.5.0.tar.gz", hash = "sha256:4c753b3ec91717fe713c4edd522d625889d8973a349b0e582622f49766de58e6", size = 62675 }
wheels = [
    { url = "https://files.pythonhosted.org/packages/32/c9/353c156fa2f057e669106e5d6bcdecf85ef8d3536ce68ca96f18dc7b6d6f/keyring-25.5.0-py3-none-any.whl", hash = "sha256:e67f8ac32b04be4714b42fe84ce7dad9c40985b9ca827c592cc303e7c26d9741", size = 39096 },
]

[[package]]
name = "more-itertools"
version = "10.5.0"
source = { registry = "https://pypi.org/simple" }
sdist = { url = "https://files.pythonhosted.org/packages/51/78/65922308c4248e0eb08ebcbe67c95d48615cc6f27854b6f2e57143e9178f/more-itertools-10.5.0.tar.gz", hash = "sha256:5482bfef7849c25dc3c6dd53a6173ae4795da2a41a80faea6700d9f5846c5da6", size = 121020 }
wheels = [
    { url = "https://files.pythonhosted.org/packages/48/7e/3a64597054a70f7c86eb0a7d4fc315b8c1ab932f64883a297bdffeb5f967/more_itertools-10.5.0-py3-none-any.whl", hash = "sha256:037b0d3203ce90cca8ab1defbbdac29d5f993fc20131f3664dc8d6acfa872aef", size = 60952 },
]

[[package]]
name = "pycparser"
version = "2.22"
source = { registry = "https://pypi.org/simple" }
sdist = { url = "https://files.pythonhosted.org/packages/1d/b2/31537cf4b1ca988837256c910a668b553fceb8f069bedc4b1c826024b52c/pycparser-2.22.tar.gz", hash = "sha256:491c8be9c040f5390f5bf44a5b07752bd07f56edf992381b05c701439eec10f6", size = 172736 }
wheels = [
    { url = "https://files.pythonhosted.org/packages/13/a3/a812df4e2dd5696d1f351d58b8fe16a405b234ad2886a0dab9183fb78109/pycparser-2.22-py3-none-any.whl", hash = "sha256:c3702b6d3dd8c7abc1afa565d7e63d53a1d0bd86cdc24edd75470f4de499cfcc", size = 117552 },
]

[[package]]
name = "python-dateutil"
version = "2.9.0.post0"
source = { registry = "https://pypi.org/simple" }
dependencies = [
    { name = "six" },
]
sdist = { url = "https://files.pythonhosted.org/packages/66/c0/0c8b6ad9f17a802ee498c46e004a0eb49bc148f2fd230864601a86dcf6db/python-dateutil-2.9.0.post0.tar.gz", hash = "sha256:37dd54208da7e1cd875388217d5e00ebd4179249f90fb72437e91a35459a0ad3", size = 342432 }
wheels = [
    { url = "https://files.pythonhosted.org/packages/ec/57/56b9bcc3c9c6a792fcbaf139543cee77261f3651ca9da0c93f5c1221264b/python_dateutil-2.9.0.post0-py2.py3-none-any.whl", hash = "sha256:a8b2bc7bffae282281c8140a97d3aa9c14da0b136dfe83f850eea9a5f7470427", size = 229892 },
]

[[package]]
name = "python-dotenv"
version = "1.0.1"
source = { registry = "https://pypi.org/simple" }
sdist = { url = "https://files.pythonhosted.org/packages/bc/57/e84d88dfe0aec03b7a2d4327012c1627ab5f03652216c63d49846d7a6c58/python-dotenv-1.0.1.tar.gz", hash = "sha256:e324ee90a023d808f1959c46bcbc04446a10ced277783dc6ee09987c37ec10ca", size = 39115 }
wheels = [
    { url = "https://files.pythonhosted.org/packages/6a/3e/b68c118422ec867fa7ab88444e1274aa40681c606d59ac27de5a5588f082/python_dotenv-1.0.1-py3-none-any.whl", hash = "sha256:f7b63ef50f1b690dddf550d03497b66d609393b40b564ed0d674909a68ebf16a", size = 19863 },
]

[[package]]
name = "pywin32-ctypes"
version = "0.2.3"
source = { registry = "https://pypi.org/simple" }
sdist = { url = "https://files.pythonhosted.org/packages/85/9f/01a1a99704853cb63f253eea009390c88e7131c67e66a0a02099a8c917cb/pywin32-ctypes-0.2.3.tar.gz", hash = "sha256:d162dc04946d704503b2edc4d55f3dba5c1d539ead017afa00142c38b9885755", size = 29471 }
wheels = [
    { url = "https://files.pythonhosted.org/packages/de/3d/8161f7711c017e01ac9f008dfddd9410dff3674334c233bde66e7ba65bbf/pywin32_ctypes-0.2.3-py3-none-any.whl", hash = "sha256:8a1513379d709975552d202d942d9837758905c8d01eb82b8bcc30918929e7b8", size = 30756 },
]

[[package]]
name = "secretstorage"
version = "3.3.3"
source = { registry = "https://pypi.org/simple" }
dependencies = [
    { name = "cryptography" },
    { name = "jeepney" },
]
sdist = { url = "https://files.pythonhosted.org/packages/53/a4/f48c9d79cb507ed1373477dbceaba7401fd8a23af63b837fa61f1dcd3691/SecretStorage-3.3.3.tar.gz", hash = "sha256:2403533ef369eca6d2ba81718576c5e0f564d5cca1b58f73a8b23e7d4eeebd77", size = 19739 }
wheels = [
    { url = "https://files.pythonhosted.org/packages/54/24/b4293291fa1dd830f353d2cb163295742fa87f179fcc8a20a306a81978b7/SecretStorage-3.3.3-py3-none-any.whl", hash = "sha256:f356e6628222568e3af06f2eba8df495efa13b3b63081dafd4f7d9a7b7bc9f99", size = 15221 },
]

[[package]]
name = "six"
version = "1.16.0"
source = { registry = "https://pypi.org/simple" }
sdist = { url = "https://files.pythonhosted.org/packages/71/39/171f1c67cd00715f190ba0b100d606d440a28c93c7714febeca8b79af85e/six-1.16.0.tar.gz", hash = "sha256:1e61c37477a1626458e36f7b1d82aa5c9b094fa4802892072e49de9c60c4c926", size = 34041 }
wheels = [
    { url = "https://files.pythonhosted.org/packages/d9/5a/e7c31adbe875f2abbb91bd84cf2dc52d792b5a01506781dbcf25c91daf11/six-1.16.0-py2.py3-none-any.whl", hash = "sha256:8abb2f1d86890a2dfb989f9a77cfcfd3e47c2a354b01111771326f8aa26e0254", size = 11053 },
]

[[package]]
name = "urllib3"
version = "2.2.3"
source = { registry = "https://pypi.org/simple" }
sdist = { url = "https://files.pythonhosted.org/packages/ed/63/22ba4ebfe7430b76388e7cd448d5478814d3032121827c12a2cc287e2260/urllib3-2.2.3.tar.gz", hash = "sha256:e7d814a81dad81e6caf2ec9fdedb284ecc9c73076b62654547cc64ccdcae26e9", size = 300677 }
wheels = [
    { url = "https://files.pythonhosted.org/packages/ce/d9/5f4c13cecde62396b0d3fe530a50ccea91e7dfc1ccf0e09c228841bb5ba8/urllib3-2.2.3-py3-none-any.whl", hash = "sha256:ca899ca043dcb1bafa3e262d73aa25c465bfb49e0bd9dd5d59f1d0acba2f8fac", size = 126338 },
]
